// !$*UTF8*$!
{
	archiveVersion = 1;
	classes = {
	};
	objectVersion = 56;
	objects = {

/* Begin PBXBuildFile section */
		872199BC2B698AB700C6287F /* PersistenceManager.swift in Sources */ = {isa = PBXBuildFile; fileRef = 872199BB2B698AB700C6287F /* PersistenceManager.swift */; };
		873D844E2B56B3940065701B /* NetworkManager.swift in Sources */ = {isa = PBXBuildFile; fileRef = 873D844D2B56B3940065701B /* NetworkManager.swift */; };
		8757E7B82B672C250044DFA3 /* Date+Ext.swift in Sources */ = {isa = PBXBuildFile; fileRef = 8757E7B72B672C250044DFA3 /* Date+Ext.swift */; };
		8757E7BA2B672C620044DFA3 /* String+Ext.swift in Sources */ = {isa = PBXBuildFile; fileRef = 8757E7B92B672C620044DFA3 /* String+Ext.swift */; };
		87653FF92B6D79CC00012336 /* FavoriteCell.swift in Sources */ = {isa = PBXBuildFile; fileRef = 87653FF82B6D79CC00012336 /* FavoriteCell.swift */; };
		8777A8952B524650008DA785 /* GFButton.swift in Sources */ = {isa = PBXBuildFile; fileRef = 8777A8942B524650008DA785 /* GFButton.swift */; };
		8777A8972B524966008DA785 /* GFTextField.swift in Sources */ = {isa = PBXBuildFile; fileRef = 8777A8962B524966008DA785 /* GFTextField.swift */; };
		877AC46F2B577D0B008C066D /* FollowerCell.swift in Sources */ = {isa = PBXBuildFile; fileRef = 877AC46E2B577D0B008C066D /* FollowerCell.swift */; };
		877AC4712B577DC1008C066D /* GFAvatarImageView.swift in Sources */ = {isa = PBXBuildFile; fileRef = 877AC4702B577DC1008C066D /* GFAvatarImageView.swift */; };
		877AC4732B57A1A1008C066D /* UIHelper.swift in Sources */ = {isa = PBXBuildFile; fileRef = 877AC4722B57A1A1008C066D /* UIHelper.swift */; };
		877BB5882B615F7F00FC1711 /* GFError.swift in Sources */ = {isa = PBXBuildFile; fileRef = 877BB5872B615F7F00FC1711 /* GFError.swift */; };
		877BB58C2B63EDB800FC1711 /* GFSecondaryTitleLabel.swift in Sources */ = {isa = PBXBuildFile; fileRef = 877BB58B2B63EDB800FC1711 /* GFSecondaryTitleLabel.swift */; };
		877BB58E2B63F58C00FC1711 /* Constants.swift in Sources */ = {isa = PBXBuildFile; fileRef = 877BB58D2B63F58C00FC1711 /* Constants.swift */; };
		877BB5902B640E6B00FC1711 /* GFUserInfoHeaderViewController.swift in Sources */ = {isa = PBXBuildFile; fileRef = 877BB58F2B640E6B00FC1711 /* GFUserInfoHeaderViewController.swift */; };
		877BB5922B64145F00FC1711 /* GFItemInfoView.swift in Sources */ = {isa = PBXBuildFile; fileRef = 877BB5912B64145F00FC1711 /* GFItemInfoView.swift */; };
		877BB5942B64480400FC1711 /* GFItemInfoViewController.swift in Sources */ = {isa = PBXBuildFile; fileRef = 877BB5932B64480400FC1711 /* GFItemInfoViewController.swift */; };
		87857CC72B5E542C002DC994 /* GFEmptyStateView.swift in Sources */ = {isa = PBXBuildFile; fileRef = 87857CC62B5E542C002DC994 /* GFEmptyStateView.swift */; };
		87863DCE2B5026A400BA10D6 /* AppDelegate.swift in Sources */ = {isa = PBXBuildFile; fileRef = 87863DCD2B5026A400BA10D6 /* AppDelegate.swift */; };
		87863DD02B5026A400BA10D6 /* SceneDelegate.swift in Sources */ = {isa = PBXBuildFile; fileRef = 87863DCF2B5026A400BA10D6 /* SceneDelegate.swift */; };
		87863DD82B5026A400BA10D6 /* GHFollowers.xcdatamodeld in Sources */ = {isa = PBXBuildFile; fileRef = 87863DD62B5026A400BA10D6 /* GHFollowers.xcdatamodeld */; };
		87863DDA2B5026A700BA10D6 /* Assets.xcassets in Resources */ = {isa = PBXBuildFile; fileRef = 87863DD92B5026A700BA10D6 /* Assets.xcassets */; };
		87863DDD2B5026A700BA10D6 /* LaunchScreen.storyboard in Resources */ = {isa = PBXBuildFile; fileRef = 87863DDB2B5026A700BA10D6 /* LaunchScreen.storyboard */; };
		87AFE8062B54E865000CF341 /* Follower.swift in Sources */ = {isa = PBXBuildFile; fileRef = 87AFE8052B54E865000CF341 /* Follower.swift */; };
		87AFE8092B54E9A5000CF341 /* User.swift in Sources */ = {isa = PBXBuildFile; fileRef = 87AFE8082B54E9A5000CF341 /* User.swift */; };
		87B62B5B2B542DC9004EDDDA /* FollowersListViewController.swift in Sources */ = {isa = PBXBuildFile; fileRef = 87B62B5A2B542DC9004EDDDA /* FollowersListViewController.swift */; };
		87B62B5D2B5439CA004EDDDA /* GFTitleLabel.swift in Sources */ = {isa = PBXBuildFile; fileRef = 87B62B5C2B5439CA004EDDDA /* GFTitleLabel.swift */; };
		87B62B5F2B543B6D004EDDDA /* GFBodyLabel.swift in Sources */ = {isa = PBXBuildFile; fileRef = 87B62B5E2B543B6D004EDDDA /* GFBodyLabel.swift */; };
		87B62B612B543C34004EDDDA /* GFAlertViewController.swift in Sources */ = {isa = PBXBuildFile; fileRef = 87B62B602B543C34004EDDDA /* GFAlertViewController.swift */; };
		87B62B632B54427A004EDDDA /* UIVIewController+Ext.swift in Sources */ = {isa = PBXBuildFile; fileRef = 87B62B622B54427A004EDDDA /* UIVIewController+Ext.swift */; };
		87BA8D622B50EBF800EBA52E /* SearchViewController.swift in Sources */ = {isa = PBXBuildFile; fileRef = 87BA8D612B50EBF800EBA52E /* SearchViewController.swift */; };
		87BA8D642B50EC2C00EBA52E /* FavoritesListViewController.swift in Sources */ = {isa = PBXBuildFile; fileRef = 87BA8D632B50EC2C00EBA52E /* FavoritesListViewController.swift */; };
		87CF46A32B665D270008163C /* GFRepoItemViewController.swift in Sources */ = {isa = PBXBuildFile; fileRef = 87CF46A22B665D270008163C /* GFRepoItemViewController.swift */; };
		87CF46A52B665F460008163C /* GFFollowerItemViewController.swift in Sources */ = {isa = PBXBuildFile; fileRef = 87CF46A42B665F460008163C /* GFFollowerItemViewController.swift */; };
		87F0EF582B60ECA100F6AC8C /* UserInfoViewController.swift in Sources */ = {isa = PBXBuildFile; fileRef = 87F0EF572B60ECA100F6AC8C /* UserInfoViewController.swift */; };
/* End PBXBuildFile section */

/* Begin PBXFileReference section */
		872199BB2B698AB700C6287F /* PersistenceManager.swift */ = {isa = PBXFileReference; lastKnownFileType = sourcecode.swift; path = PersistenceManager.swift; sourceTree = "<group>"; };
		873D844D2B56B3940065701B /* NetworkManager.swift */ = {isa = PBXFileReference; lastKnownFileType = sourcecode.swift; path = NetworkManager.swift; sourceTree = "<group>"; };
		8757E7B72B672C250044DFA3 /* Date+Ext.swift */ = {isa = PBXFileReference; lastKnownFileType = sourcecode.swift; path = "Date+Ext.swift"; sourceTree = "<group>"; };
		8757E7B92B672C620044DFA3 /* String+Ext.swift */ = {isa = PBXFileReference; lastKnownFileType = sourcecode.swift; path = "String+Ext.swift"; sourceTree = "<group>"; };
		87653FF82B6D79CC00012336 /* FavoriteCell.swift */ = {isa = PBXFileReference; lastKnownFileType = sourcecode.swift; path = FavoriteCell.swift; sourceTree = "<group>"; };
		8777A8942B524650008DA785 /* GFButton.swift */ = {isa = PBXFileReference; lastKnownFileType = sourcecode.swift; path = GFButton.swift; sourceTree = "<group>"; };
		8777A8962B524966008DA785 /* GFTextField.swift */ = {isa = PBXFileReference; lastKnownFileType = sourcecode.swift; path = GFTextField.swift; sourceTree = "<group>"; };
		877AC46E2B577D0B008C066D /* FollowerCell.swift */ = {isa = PBXFileReference; lastKnownFileType = sourcecode.swift; path = FollowerCell.swift; sourceTree = "<group>"; };
		877AC4702B577DC1008C066D /* GFAvatarImageView.swift */ = {isa = PBXFileReference; lastKnownFileType = sourcecode.swift; path = GFAvatarImageView.swift; sourceTree = "<group>"; };
		877AC4722B57A1A1008C066D /* UIHelper.swift */ = {isa = PBXFileReference; lastKnownFileType = sourcecode.swift; path = UIHelper.swift; sourceTree = "<group>"; };
		877BB5872B615F7F00FC1711 /* GFError.swift */ = {isa = PBXFileReference; lastKnownFileType = sourcecode.swift; path = GFError.swift; sourceTree = "<group>"; };
		877BB58B2B63EDB800FC1711 /* GFSecondaryTitleLabel.swift */ = {isa = PBXFileReference; lastKnownFileType = sourcecode.swift; path = GFSecondaryTitleLabel.swift; sourceTree = "<group>"; };
		877BB58D2B63F58C00FC1711 /* Constants.swift */ = {isa = PBXFileReference; lastKnownFileType = sourcecode.swift; path = Constants.swift; sourceTree = "<group>"; };
		877BB58F2B640E6B00FC1711 /* GFUserInfoHeaderViewController.swift */ = {isa = PBXFileReference; lastKnownFileType = sourcecode.swift; path = GFUserInfoHeaderViewController.swift; sourceTree = "<group>"; };
		877BB5912B64145F00FC1711 /* GFItemInfoView.swift */ = {isa = PBXFileReference; lastKnownFileType = sourcecode.swift; path = GFItemInfoView.swift; sourceTree = "<group>"; };
		877BB5932B64480400FC1711 /* GFItemInfoViewController.swift */ = {isa = PBXFileReference; lastKnownFileType = sourcecode.swift; path = GFItemInfoViewController.swift; sourceTree = "<group>"; };
		87857CC62B5E542C002DC994 /* GFEmptyStateView.swift */ = {isa = PBXFileReference; lastKnownFileType = sourcecode.swift; path = GFEmptyStateView.swift; sourceTree = "<group>"; };
		87863DCA2B5026A400BA10D6 /* GHFollowers.app */ = {isa = PBXFileReference; explicitFileType = wrapper.application; includeInIndex = 0; path = GHFollowers.app; sourceTree = BUILT_PRODUCTS_DIR; };
		87863DCD2B5026A400BA10D6 /* AppDelegate.swift */ = {isa = PBXFileReference; lastKnownFileType = sourcecode.swift; path = AppDelegate.swift; sourceTree = "<group>"; };
		87863DCF2B5026A400BA10D6 /* SceneDelegate.swift */ = {isa = PBXFileReference; lastKnownFileType = sourcecode.swift; path = SceneDelegate.swift; sourceTree = "<group>"; };
		87863DD72B5026A400BA10D6 /* GHFollowers.xcdatamodel */ = {isa = PBXFileReference; lastKnownFileType = wrapper.xcdatamodel; path = GHFollowers.xcdatamodel; sourceTree = "<group>"; };
		87863DD92B5026A700BA10D6 /* Assets.xcassets */ = {isa = PBXFileReference; lastKnownFileType = folder.assetcatalog; path = Assets.xcassets; sourceTree = "<group>"; };
		87863DDC2B5026A700BA10D6 /* Base */ = {isa = PBXFileReference; lastKnownFileType = file.storyboard; name = Base; path = Base.lproj/LaunchScreen.storyboard; sourceTree = "<group>"; };
		87863DDE2B5026A700BA10D6 /* Info.plist */ = {isa = PBXFileReference; lastKnownFileType = text.plist.xml; path = Info.plist; sourceTree = "<group>"; };
		87AFE8052B54E865000CF341 /* Follower.swift */ = {isa = PBXFileReference; lastKnownFileType = sourcecode.swift; path = Follower.swift; sourceTree = "<group>"; };
		87AFE8082B54E9A5000CF341 /* User.swift */ = {isa = PBXFileReference; lastKnownFileType = sourcecode.swift; path = User.swift; sourceTree = "<group>"; };
		87B62B5A2B542DC9004EDDDA /* FollowersListViewController.swift */ = {isa = PBXFileReference; lastKnownFileType = sourcecode.swift; path = FollowersListViewController.swift; sourceTree = "<group>"; };
		87B62B5C2B5439CA004EDDDA /* GFTitleLabel.swift */ = {isa = PBXFileReference; lastKnownFileType = sourcecode.swift; path = GFTitleLabel.swift; sourceTree = "<group>"; };
		87B62B5E2B543B6D004EDDDA /* GFBodyLabel.swift */ = {isa = PBXFileReference; lastKnownFileType = sourcecode.swift; path = GFBodyLabel.swift; sourceTree = "<group>"; };
		87B62B602B543C34004EDDDA /* GFAlertViewController.swift */ = {isa = PBXFileReference; lastKnownFileType = sourcecode.swift; path = GFAlertViewController.swift; sourceTree = "<group>"; };
		87B62B622B54427A004EDDDA /* UIVIewController+Ext.swift */ = {isa = PBXFileReference; lastKnownFileType = sourcecode.swift; path = "UIVIewController+Ext.swift"; sourceTree = "<group>"; };
		87BA8D612B50EBF800EBA52E /* SearchViewController.swift */ = {isa = PBXFileReference; lastKnownFileType = sourcecode.swift; path = SearchViewController.swift; sourceTree = "<group>"; };
		87BA8D632B50EC2C00EBA52E /* FavoritesListViewController.swift */ = {isa = PBXFileReference; lastKnownFileType = sourcecode.swift; path = FavoritesListViewController.swift; sourceTree = "<group>"; };
		87CF46A22B665D270008163C /* GFRepoItemViewController.swift */ = {isa = PBXFileReference; lastKnownFileType = sourcecode.swift; path = GFRepoItemViewController.swift; sourceTree = "<group>"; };
		87CF46A42B665F460008163C /* GFFollowerItemViewController.swift */ = {isa = PBXFileReference; lastKnownFileType = sourcecode.swift; path = GFFollowerItemViewController.swift; sourceTree = "<group>"; };
		87F0EF572B60ECA100F6AC8C /* UserInfoViewController.swift */ = {isa = PBXFileReference; lastKnownFileType = sourcecode.swift; path = UserInfoViewController.swift; sourceTree = "<group>"; };
/* End PBXFileReference section */

/* Begin PBXFrameworksBuildPhase section */
		87863DC72B5026A400BA10D6 /* Frameworks */ = {
			isa = PBXFrameworksBuildPhase;
			buildActionMask = 2147483647;
			files = (
			);
			runOnlyForDeploymentPostprocessing = 0;
		};
/* End PBXFrameworksBuildPhase section */

/* Begin PBXGroup section */
		8728AB5A2B545993002C72CA /* Screens */ = {
			isa = PBXGroup;
			children = (
				87BA8D612B50EBF800EBA52E /* SearchViewController.swift */,
				87BA8D632B50EC2C00EBA52E /* FavoritesListViewController.swift */,
				87B62B5A2B542DC9004EDDDA /* FollowersListViewController.swift */,
				87F0EF572B60ECA100F6AC8C /* UserInfoViewController.swift */,
			);
			path = Screens;
			sourceTree = "<group>";
		};
		8728AB5B2B54599C002C72CA /* CustomViews */ = {
			isa = PBXGroup;
			children = (
				87857CC52B5E53D7002DC994 /* Labels */,
				87857CC42B5E53A2002DC994 /* ViewController */,
				87857CC32B5E5399002DC994 /* ImageView */,
				87857CC22B5E537F002DC994 /* TextField */,
				87857CC12B5E5375002DC994 /* Buttons */,
				87857CC02B5E536B002DC994 /* Views */,
				877AC46D2B577CD9008C066D /* Cells */,
			);
			path = CustomViews;
			sourceTree = "<group>";
		};
		8728AB5C2B5459AB002C72CA /* Extensions */ = {
			isa = PBXGroup;
			children = (
				87B62B622B54427A004EDDDA /* UIVIewController+Ext.swift */,
				8757E7B72B672C250044DFA3 /* Date+Ext.swift */,
				8757E7B92B672C620044DFA3 /* String+Ext.swift */,
			);
			path = Extensions;
			sourceTree = "<group>";
		};
		8728AB5D2B5459E2002C72CA /* Support */ = {
			isa = PBXGroup;
			children = (
				87863DCF2B5026A400BA10D6 /* SceneDelegate.swift */,
				87863DCD2B5026A400BA10D6 /* AppDelegate.swift */,
				87863DD92B5026A700BA10D6 /* Assets.xcassets */,
				87863DDB2B5026A700BA10D6 /* LaunchScreen.storyboard */,
			);
			path = Support;
			sourceTree = "<group>";
		};
		873D844C2B56B37F0065701B /* Managers */ = {
			isa = PBXGroup;
			children = (
				873D844D2B56B3940065701B /* NetworkManager.swift */,
				872199BB2B698AB700C6287F /* PersistenceManager.swift */,
			);
			path = Managers;
			sourceTree = "<group>";
		};
		877AC46A2B570CD1008C066D /* Utilities */ = {
			isa = PBXGroup;
			children = (
				877AC4722B57A1A1008C066D /* UIHelper.swift */,
				877BB5872B615F7F00FC1711 /* GFError.swift */,
				877BB58D2B63F58C00FC1711 /* Constants.swift */,
			);
			path = Utilities;
			sourceTree = "<group>";
		};
		877AC46D2B577CD9008C066D /* Cells */ = {
			isa = PBXGroup;
			children = (
				877AC46E2B577D0B008C066D /* FollowerCell.swift */,
				87653FF82B6D79CC00012336 /* FavoriteCell.swift */,
			);
			path = Cells;
			sourceTree = "<group>";
		};
		87857CC02B5E536B002DC994 /* Views */ = {
			isa = PBXGroup;
			children = (
				87857CC62B5E542C002DC994 /* GFEmptyStateView.swift */,
				877BB5912B64145F00FC1711 /* GFItemInfoView.swift */,
			);
			path = Views;
			sourceTree = "<group>";
		};
		87857CC12B5E5375002DC994 /* Buttons */ = {
			isa = PBXGroup;
			children = (
				8777A8942B524650008DA785 /* GFButton.swift */,
			);
			path = Buttons;
			sourceTree = "<group>";
		};
		87857CC22B5E537F002DC994 /* TextField */ = {
			isa = PBXGroup;
			children = (
				8777A8962B524966008DA785 /* GFTextField.swift */,
			);
			path = TextField;
			sourceTree = "<group>";
		};
		87857CC32B5E5399002DC994 /* ImageView */ = {
			isa = PBXGroup;
			children = (
				877AC4702B577DC1008C066D /* GFAvatarImageView.swift */,
			);
			path = ImageView;
			sourceTree = "<group>";
		};
		87857CC42B5E53A2002DC994 /* ViewController */ = {
			isa = PBXGroup;
			children = (
				87CF46A62B665FBD0008163C /* ItemInfoViewControllers */,
				87B62B602B543C34004EDDDA /* GFAlertViewController.swift */,
				877BB58F2B640E6B00FC1711 /* GFUserInfoHeaderViewController.swift */,
			);
			path = ViewController;
			sourceTree = "<group>";
		};
		87857CC52B5E53D7002DC994 /* Labels */ = {
			isa = PBXGroup;
			children = (
				87B62B5C2B5439CA004EDDDA /* GFTitleLabel.swift */,
				87B62B5E2B543B6D004EDDDA /* GFBodyLabel.swift */,
				877BB58B2B63EDB800FC1711 /* GFSecondaryTitleLabel.swift */,
			);
			path = Labels;
			sourceTree = "<group>";
		};
		87863DC12B5026A400BA10D6 = {
			isa = PBXGroup;
			children = (
				87863DCC2B5026A400BA10D6 /* GHFollowers */,
				87863DCB2B5026A400BA10D6 /* Products */,
			);
			sourceTree = "<group>";
		};
		87863DCB2B5026A400BA10D6 /* Products */ = {
			isa = PBXGroup;
			children = (
				87863DCA2B5026A400BA10D6 /* GHFollowers.app */,
			);
			name = Products;
			sourceTree = "<group>";
		};
		87863DCC2B5026A400BA10D6 /* GHFollowers */ = {
			isa = PBXGroup;
			children = (
				8728AB5A2B545993002C72CA /* Screens */,
				8728AB5B2B54599C002C72CA /* CustomViews */,
				8728AB5C2B5459AB002C72CA /* Extensions */,
				8728AB5D2B5459E2002C72CA /* Support */,
				877AC46A2B570CD1008C066D /* Utilities */,
				873D844C2B56B37F0065701B /* Managers */,
				87AFE8072B54E86B000CF341 /* Model */,
				87863DD62B5026A400BA10D6 /* GHFollowers.xcdatamodeld */,
				87863DDE2B5026A700BA10D6 /* Info.plist */,
			);
			path = GHFollowers;
			sourceTree = "<group>";
		};
		87AFE8072B54E86B000CF341 /* Model */ = {
			isa = PBXGroup;
			children = (
				87AFE8052B54E865000CF341 /* Follower.swift */,
				87AFE8082B54E9A5000CF341 /* User.swift */,
			);
			path = Model;
			sourceTree = "<group>";
		};
		87CF46A62B665FBD0008163C /* ItemInfoViewControllers */ = {
			isa = PBXGroup;
			children = (
				87CF46A42B665F460008163C /* GFFollowerItemViewController.swift */,
				87CF46A22B665D270008163C /* GFRepoItemViewController.swift */,
				877BB5932B64480400FC1711 /* GFItemInfoViewController.swift */,
			);
			path = ItemInfoViewControllers;
			sourceTree = "<group>";
		};
/* End PBXGroup section */

/* Begin PBXNativeTarget section */
		87863DC92B5026A400BA10D6 /* GHFollowers */ = {
			isa = PBXNativeTarget;
			buildConfigurationList = 87863DE12B5026A700BA10D6 /* Build configuration list for PBXNativeTarget "GHFollowers" */;
			buildPhases = (
				87863DC62B5026A400BA10D6 /* Sources */,
				87863DC72B5026A400BA10D6 /* Frameworks */,
				87863DC82B5026A400BA10D6 /* Resources */,
			);
			buildRules = (
			);
			dependencies = (
			);
			name = GHFollowers;
			productName = GHFollowers;
			productReference = 87863DCA2B5026A400BA10D6 /* GHFollowers.app */;
			productType = "com.apple.product-type.application";
		};
/* End PBXNativeTarget section */

/* Begin PBXProject section */
		87863DC22B5026A400BA10D6 /* Project object */ = {
			isa = PBXProject;
			attributes = {
				BuildIndependentTargetsInParallel = 1;
				LastSwiftUpdateCheck = 1510;
				LastUpgradeCheck = 1510;
				TargetAttributes = {
					87863DC92B5026A400BA10D6 = {
						CreatedOnToolsVersion = 15.1;
					};
				};
			};
			buildConfigurationList = 87863DC52B5026A400BA10D6 /* Build configuration list for PBXProject "GHFollowers" */;
			compatibilityVersion = "Xcode 14.0";
			developmentRegion = en;
			hasScannedForEncodings = 0;
			knownRegions = (
				en,
				Base,
			);
			mainGroup = 87863DC12B5026A400BA10D6;
			productRefGroup = 87863DCB2B5026A400BA10D6 /* Products */;
			projectDirPath = "";
			projectRoot = "";
			targets = (
				87863DC92B5026A400BA10D6 /* GHFollowers */,
			);
		};
/* End PBXProject section */

/* Begin PBXResourcesBuildPhase section */
		87863DC82B5026A400BA10D6 /* Resources */ = {
			isa = PBXResourcesBuildPhase;
			buildActionMask = 2147483647;
			files = (
				87863DDD2B5026A700BA10D6 /* LaunchScreen.storyboard in Resources */,
				87863DDA2B5026A700BA10D6 /* Assets.xcassets in Resources */,
			);
			runOnlyForDeploymentPostprocessing = 0;
		};
/* End PBXResourcesBuildPhase section */

/* Begin PBXSourcesBuildPhase section */
		87863DC62B5026A400BA10D6 /* Sources */ = {
			isa = PBXSourcesBuildPhase;
			buildActionMask = 2147483647;
			files = (
				87B62B5D2B5439CA004EDDDA /* GFTitleLabel.swift in Sources */,
				877BB5882B615F7F00FC1711 /* GFError.swift in Sources */,
				87CF46A52B665F460008163C /* GFFollowerItemViewController.swift in Sources */,
				87F0EF582B60ECA100F6AC8C /* UserInfoViewController.swift in Sources */,
				87BA8D642B50EC2C00EBA52E /* FavoritesListViewController.swift in Sources */,
				87863DD82B5026A400BA10D6 /* GHFollowers.xcdatamodeld in Sources */,
				8777A8952B524650008DA785 /* GFButton.swift in Sources */,
				87863DCE2B5026A400BA10D6 /* AppDelegate.swift in Sources */,
				877BB58C2B63EDB800FC1711 /* GFSecondaryTitleLabel.swift in Sources */,
				87857CC72B5E542C002DC994 /* GFEmptyStateView.swift in Sources */,
				87B62B612B543C34004EDDDA /* GFAlertViewController.swift in Sources */,
				87AFE8092B54E9A5000CF341 /* User.swift in Sources */,
				872199BC2B698AB700C6287F /* PersistenceManager.swift in Sources */,
				87653FF92B6D79CC00012336 /* FavoriteCell.swift in Sources */,
				87B62B5B2B542DC9004EDDDA /* FollowersListViewController.swift in Sources */,
				877AC4712B577DC1008C066D /* GFAvatarImageView.swift in Sources */,
				877AC46F2B577D0B008C066D /* FollowerCell.swift in Sources */,
				87AFE8062B54E865000CF341 /* Follower.swift in Sources */,
				87BA8D622B50EBF800EBA52E /* SearchViewController.swift in Sources */,
				87CF46A32B665D270008163C /* GFRepoItemViewController.swift in Sources */,
				8757E7BA2B672C620044DFA3 /* String+Ext.swift in Sources */,
				87863DD02B5026A400BA10D6 /* SceneDelegate.swift in Sources */,
				8777A8972B524966008DA785 /* GFTextField.swift in Sources */,
				877AC4732B57A1A1008C066D /* UIHelper.swift in Sources */,
				873D844E2B56B3940065701B /* NetworkManager.swift in Sources */,
				877BB5942B64480400FC1711 /* GFItemInfoViewController.swift in Sources */,
				8757E7B82B672C250044DFA3 /* Date+Ext.swift in Sources */,
				87B62B632B54427A004EDDDA /* UIVIewController+Ext.swift in Sources */,
				87B62B5F2B543B6D004EDDDA /* GFBodyLabel.swift in Sources */,
				877BB5922B64145F00FC1711 /* GFItemInfoView.swift in Sources */,
				877BB58E2B63F58C00FC1711 /* Constants.swift in Sources */,
				877BB5902B640E6B00FC1711 /* GFUserInfoHeaderViewController.swift in Sources */,
			);
			runOnlyForDeploymentPostprocessing = 0;
		};
/* End PBXSourcesBuildPhase section */

/* Begin PBXVariantGroup section */
		87863DDB2B5026A700BA10D6 /* LaunchScreen.storyboard */ = {
			isa = PBXVariantGroup;
			children = (
				87863DDC2B5026A700BA10D6 /* Base */,
			);
			name = LaunchScreen.storyboard;
			sourceTree = "<group>";
		};
/* End PBXVariantGroup section */

/* Begin XCBuildConfiguration section */
		87863DDF2B5026A700BA10D6 /* Debug */ = {
			isa = XCBuildConfiguration;
			buildSettings = {
				ALWAYS_SEARCH_USER_PATHS = NO;
				ASSETCATALOG_COMPILER_GENERATE_SWIFT_ASSET_SYMBOL_EXTENSIONS = YES;
				CLANG_ANALYZER_NONNULL = YES;
				CLANG_ANALYZER_NUMBER_OBJECT_CONVERSION = YES_AGGRESSIVE;
				CLANG_CXX_LANGUAGE_STANDARD = "gnu++20";
				CLANG_ENABLE_MODULES = YES;
				CLANG_ENABLE_OBJC_ARC = YES;
				CLANG_ENABLE_OBJC_WEAK = YES;
				CLANG_WARN_BLOCK_CAPTURE_AUTORELEASING = YES;
				CLANG_WARN_BOOL_CONVERSION = YES;
				CLANG_WARN_COMMA = YES;
				CLANG_WARN_CONSTANT_CONVERSION = YES;
				CLANG_WARN_DEPRECATED_OBJC_IMPLEMENTATIONS = YES;
				CLANG_WARN_DIRECT_OBJC_ISA_USAGE = YES_ERROR;
				CLANG_WARN_DOCUMENTATION_COMMENTS = YES;
				CLANG_WARN_EMPTY_BODY = YES;
				CLANG_WARN_ENUM_CONVERSION = YES;
				CLANG_WARN_INFINITE_RECURSION = YES;
				CLANG_WARN_INT_CONVERSION = YES;
				CLANG_WARN_NON_LITERAL_NULL_CONVERSION = YES;
				CLANG_WARN_OBJC_IMPLICIT_RETAIN_SELF = YES;
				CLANG_WARN_OBJC_LITERAL_CONVERSION = YES;
				CLANG_WARN_OBJC_ROOT_CLASS = YES_ERROR;
				CLANG_WARN_QUOTED_INCLUDE_IN_FRAMEWORK_HEADER = YES;
				CLANG_WARN_RANGE_LOOP_ANALYSIS = YES;
				CLANG_WARN_STRICT_PROTOTYPES = YES;
				CLANG_WARN_SUSPICIOUS_MOVE = YES;
				CLANG_WARN_UNGUARDED_AVAILABILITY = YES_AGGRESSIVE;
				CLANG_WARN_UNREACHABLE_CODE = YES;
				CLANG_WARN__DUPLICATE_METHOD_MATCH = YES;
				COPY_PHASE_STRIP = NO;
				DEBUG_INFORMATION_FORMAT = dwarf;
				ENABLE_STRICT_OBJC_MSGSEND = YES;
				ENABLE_TESTABILITY = YES;
				ENABLE_USER_SCRIPT_SANDBOXING = YES;
				GCC_C_LANGUAGE_STANDARD = gnu17;
				GCC_DYNAMIC_NO_PIC = NO;
				GCC_NO_COMMON_BLOCKS = YES;
				GCC_OPTIMIZATION_LEVEL = 0;
				GCC_PREPROCESSOR_DEFINITIONS = (
					"DEBUG=1",
					"$(inherited)",
				);
				GCC_WARN_64_TO_32_BIT_CONVERSION = YES;
				GCC_WARN_ABOUT_RETURN_TYPE = YES_ERROR;
				GCC_WARN_UNDECLARED_SELECTOR = YES;
				GCC_WARN_UNINITIALIZED_AUTOS = YES_AGGRESSIVE;
				GCC_WARN_UNUSED_FUNCTION = YES;
				GCC_WARN_UNUSED_VARIABLE = YES;
				IPHONEOS_DEPLOYMENT_TARGET = 17.2;
				LOCALIZATION_PREFERS_STRING_CATALOGS = YES;
				MTL_ENABLE_DEBUG_INFO = INCLUDE_SOURCE;
				MTL_FAST_MATH = YES;
				ONLY_ACTIVE_ARCH = YES;
				SDKROOT = iphoneos;
				SWIFT_ACTIVE_COMPILATION_CONDITIONS = "DEBUG $(inherited)";
				SWIFT_OPTIMIZATION_LEVEL = "-Onone";
			};
			name = Debug;
		};
		87863DE02B5026A700BA10D6 /* Release */ = {
			isa = XCBuildConfiguration;
			buildSettings = {
				ALWAYS_SEARCH_USER_PATHS = NO;
				ASSETCATALOG_COMPILER_GENERATE_SWIFT_ASSET_SYMBOL_EXTENSIONS = YES;
				CLANG_ANALYZER_NONNULL = YES;
				CLANG_ANALYZER_NUMBER_OBJECT_CONVERSION = YES_AGGRESSIVE;
				CLANG_CXX_LANGUAGE_STANDARD = "gnu++20";
				CLANG_ENABLE_MODULES = YES;
				CLANG_ENABLE_OBJC_ARC = YES;
				CLANG_ENABLE_OBJC_WEAK = YES;
				CLANG_WARN_BLOCK_CAPTURE_AUTORELEASING = YES;
				CLANG_WARN_BOOL_CONVERSION = YES;
				CLANG_WARN_COMMA = YES;
				CLANG_WARN_CONSTANT_CONVERSION = YES;
				CLANG_WARN_DEPRECATED_OBJC_IMPLEMENTATIONS = YES;
				CLANG_WARN_DIRECT_OBJC_ISA_USAGE = YES_ERROR;
				CLANG_WARN_DOCUMENTATION_COMMENTS = YES;
				CLANG_WARN_EMPTY_BODY = YES;
				CLANG_WARN_ENUM_CONVERSION = YES;
				CLANG_WARN_INFINITE_RECURSION = YES;
				CLANG_WARN_INT_CONVERSION = YES;
				CLANG_WARN_NON_LITERAL_NULL_CONVERSION = YES;
				CLANG_WARN_OBJC_IMPLICIT_RETAIN_SELF = YES;
				CLANG_WARN_OBJC_LITERAL_CONVERSION = YES;
				CLANG_WARN_OBJC_ROOT_CLASS = YES_ERROR;
				CLANG_WARN_QUOTED_INCLUDE_IN_FRAMEWORK_HEADER = YES;
				CLANG_WARN_RANGE_LOOP_ANALYSIS = YES;
				CLANG_WARN_STRICT_PROTOTYPES = YES;
				CLANG_WARN_SUSPICIOUS_MOVE = YES;
				CLANG_WARN_UNGUARDED_AVAILABILITY = YES_AGGRESSIVE;
				CLANG_WARN_UNREACHABLE_CODE = YES;
				CLANG_WARN__DUPLICATE_METHOD_MATCH = YES;
				COPY_PHASE_STRIP = NO;
				DEBUG_INFORMATION_FORMAT = "dwarf-with-dsym";
				ENABLE_NS_ASSERTIONS = NO;
				ENABLE_STRICT_OBJC_MSGSEND = YES;
				ENABLE_USER_SCRIPT_SANDBOXING = YES;
				GCC_C_LANGUAGE_STANDARD = gnu17;
				GCC_NO_COMMON_BLOCKS = YES;
				GCC_WARN_64_TO_32_BIT_CONVERSION = YES;
				GCC_WARN_ABOUT_RETURN_TYPE = YES_ERROR;
				GCC_WARN_UNDECLARED_SELECTOR = YES;
				GCC_WARN_UNINITIALIZED_AUTOS = YES_AGGRESSIVE;
				GCC_WARN_UNUSED_FUNCTION = YES;
				GCC_WARN_UNUSED_VARIABLE = YES;
				IPHONEOS_DEPLOYMENT_TARGET = 17.2;
				LOCALIZATION_PREFERS_STRING_CATALOGS = YES;
				MTL_ENABLE_DEBUG_INFO = NO;
				MTL_FAST_MATH = YES;
				SDKROOT = iphoneos;
				SWIFT_COMPILATION_MODE = wholemodule;
				VALIDATE_PRODUCT = YES;
			};
			name = Release;
		};
		87863DE22B5026A700BA10D6 /* Debug */ = {
			isa = XCBuildConfiguration;
			buildSettings = {
				ASSETCATALOG_COMPILER_APPICON_NAME = AppIcon;
				ASSETCATALOG_COMPILER_GLOBAL_ACCENT_COLOR_NAME = AccentColor;
				CODE_SIGN_STYLE = Automatic;
				CURRENT_PROJECT_VERSION = 1;
				DEVELOPMENT_TEAM = AK4MLD22QR;
				GENERATE_INFOPLIST_FILE = YES;
				INFOPLIST_FILE = GHFollowers/Info.plist;
				INFOPLIST_KEY_UIApplicationSupportsIndirectInputEvents = YES;
				INFOPLIST_KEY_UILaunchStoryboardName = LaunchScreen;
				INFOPLIST_KEY_UISupportedInterfaceOrientations = UIInterfaceOrientationPortrait;
				LD_RUNPATH_SEARCH_PATHS = (
					"$(inherited)",
					"@executable_path/Frameworks",
				);
				MARKETING_VERSION = 1.0;
				PRODUCT_BUNDLE_IDENTIFIER = com.test.GHFollowers;
				PRODUCT_NAME = "$(TARGET_NAME)";
				SWIFT_EMIT_LOC_STRINGS = YES;
				SWIFT_VERSION = 5.0;
				TARGETED_DEVICE_FAMILY = "1,2";
			};
			name = Debug;
		};
		87863DE32B5026A700BA10D6 /* Release */ = {
			isa = XCBuildConfiguration;
			buildSettings = {
				ASSETCATALOG_COMPILER_APPICON_NAME = AppIcon;
				ASSETCATALOG_COMPILER_GLOBAL_ACCENT_COLOR_NAME = AccentColor;
				CODE_SIGN_STYLE = Automatic;
				CURRENT_PROJECT_VERSION = 1;
				DEVELOPMENT_TEAM = AK4MLD22QR;
				GENERATE_INFOPLIST_FILE = YES;
				INFOPLIST_FILE = GHFollowers/Info.plist;
				INFOPLIST_KEY_UIApplicationSupportsIndirectInputEvents = YES;
				INFOPLIST_KEY_UILaunchStoryboardName = LaunchScreen;
				INFOPLIST_KEY_UISupportedInterfaceOrientations = UIInterfaceOrientationPortrait;
				LD_RUNPATH_SEARCH_PATHS = (
					"$(inherited)",
					"@executable_path/Frameworks",
				);
				MARKETING_VERSION = 1.0;
				PRODUCT_BUNDLE_IDENTIFIER = com.test.GHFollowers;
				PRODUCT_NAME = "$(TARGET_NAME)";
				SWIFT_EMIT_LOC_STRINGS = YES;
				SWIFT_VERSION = 5.0;
				TARGETED_DEVICE_FAMILY = "1,2";
			};
			name = Release;
		};
/* End XCBuildConfiguration section */

/* Begin XCConfigurationList section */
		87863DC52B5026A400BA10D6 /* Build configuration list for PBXProject "GHFollowers" */ = {
			isa = XCConfigurationList;
			buildConfigurations = (
				87863DDF2B5026A700BA10D6 /* Debug */,
				87863DE02B5026A700BA10D6 /* Release */,
			);
			defaultConfigurationIsVisible = 0;
			defaultConfigurationName = Release;
		};
		87863DE12B5026A700BA10D6 /* Build configuration list for PBXNativeTarget "GHFollowers" */ = {
			isa = XCConfigurationList;
			buildConfigurations = (
				87863DE22B5026A700BA10D6 /* Debug */,
				87863DE32B5026A700BA10D6 /* Release */,
			);
			defaultConfigurationIsVisible = 0;
			defaultConfigurationName = Release;
		};
/* End XCConfigurationList section */

/* Begin XCVersionGroup section */
		87863DD62B5026A400BA10D6 /* GHFollowers.xcdatamodeld */ = {
			isa = XCVersionGroup;
			children = (
				87863DD72B5026A400BA10D6 /* GHFollowers.xcdatamodel */,
			);
			currentVersion = 87863DD72B5026A400BA10D6 /* GHFollowers.xcdatamodel */;
			path = GHFollowers.xcdatamodeld;
			sourceTree = "<group>";
			versionGroupType = wrapper.xcdatamodel;
		};
/* End XCVersionGroup section */
	};
	rootObject = 87863DC22B5026A400BA10D6 /* Project object */;
}
